<?xml version="1.0" encoding="utf-8"?>
<Project ToolsVersion="4.0" xmlns="http://schemas.microsoft.com/developer/msbuild/2003">
  <ItemGroup>
    <Filter Include="源文件">
      <UniqueIdentifier>{4FC737F1-C7A5-4376-A066-2A32D752A2FF}</UniqueIdentifier>
      <Extensions>cpp;c;cc;cxx;def;odl;idl;hpj;bat;asm;asmx</Extensions>
    </Filter>
    <Filter Include="头文件">
      <UniqueIdentifier>{93995380-89BD-4b04-88EB-625FBE52EBFB}</UniqueIdentifier>
      <Extensions>h;hh;hpp;hxx;hm;inl;inc;xsd</Extensions>
    </Filter>
    <Filter Include="资源文件">
      <UniqueIdentifier>{67DA6AB6-F800-4c08-8B7A-83BB121AAD01}</UniqueIdentifier>
      <Extensions>rc;ico;cur;bmp;dlg;rc2;rct;bin;rgs;gif;jpg;jpeg;jpe;resx;tiff;tif;png;wav;mfcribbon-ms</Extensions>
    </Filter>
  </ItemGroup>
  <ItemGroup>
    <ClInclude Include="MathHelper\Matrix.h">
      <Filter>头文件</Filter>
    </ClInclude>
    <ClInclude Include="MathHelper\MatrixMath.h">
      <Filter>头文件</Filter>
    </ClInclude>
    <ClInclude Include="MathHelper\PCH.h">
      <Filter>头文件</Filter>
    </ClInclude>
    <ClInclude Include="MathHelper\QuaternionMath.h">
      <Filter>头文件</Filter>
    </ClInclude>
    <ClInclude Include="MathHelper\RenderMath.h">
      <Filter>头文件</Filter>
    </ClInclude>
    <ClInclude Include="MathHelper\ScalarMath.h">
      <Filter>头文件</Filter>
    </ClInclude>
    <ClInclude Include="MathHelper\VecotrMath.h">
      <Filter>头文件</Filter>
    </ClInclude>
    <ClInclude Include="MathHelper\Vector.h">
      <Filter>头文件</Filter>
    </ClInclude>
    <ClInclude Include="Core\Buffer.h">
      <Filter>头文件</Filter>
    </ClInclude>
    <ClInclude Include="Core\Clipper.h">
      <Filter>头文件</Filter>
    </ClInclude>
    <ClInclude Include="Core\Image.h">
      <Filter>头文件</Filter>
    </ClInclude>
    <ClInclude Include="Core\ImageHelper.h">
      <Filter>头文件</Filter>
    </ClInclude>
    <ClInclude Include="Core\Rasterizer.h">
      <Filter>头文件</Filter>
    </ClInclude>
    <ClInclude Include="Core\RenderInterface.h">
      <Filter>头文件</Filter>
    </ClInclude>
    <ClInclude Include="RenderTest\App.h">
      <Filter>头文件</Filter>
    </ClInclude>
    <ClInclude Include="RenderTest\Camera.h">
      <Filter>头文件</Filter>
    </ClInclude>
    <ClInclude Include="RenderTest\Light.h">
      <Filter>头文件</Filter>
    </ClInclude>
    <ClInclude Include="RenderTest\Timer.h">
      <Filter>头文件</Filter>
    </ClInclude>
    <ClInclude Include="RenderTest\Window.h">
      <Filter>头文件</Filter>
    </ClInclude>
  </ItemGroup>
  <ItemGroup>
    <ClCompile Include="Core\RenderInterface.cpp">
      <Filter>源文件</Filter>
    </ClCompile>
    <ClCompile Include="RenderTest\App.cpp">
      <Filter>源文件</Filter>
    </ClCompile>
    <ClCompile Include="RenderTest\Camera.cpp">
      <Filter>源文件</Filter>
    </ClCompile>
    <ClCompile Include="RenderTest\Test.cpp">
      <Filter>源文件</Filter>
    </ClCompile>
    <ClCompile Include="RenderTest\Window.cpp">
      <Filter>源文件</Filter>
    </ClCompile>
  </ItemGroup>
  <ItemGroup>
    <None Include="RenderTest\kugga.ppm" />
  </ItemGroup>
</Project>